github.com/levinholsety/common-go v0.0.0-20200319064845-7c6ffb9da832 h1:W7X2Q8m5rCzVhylkiDksLITIcS2z2yyxSGY5dQPl3+U=
github.com/levinholsety/common-go v0.0.0-20200319064845-7c6ffb9da832/go.mod h1:8g+nVas41Hg3evaqjneZuF4mJhQ79wylYnS3eBcmOhY=
github.com/levinholsety/console-go v0.0.0-20200319065142-f78fdd03c35f h1:hDKIqhN6s59djRnMqLMZi2hMdTlhju4XQwlgtC3zIg8=
github.com/levinholsety/console-go v0.0.0-20200319065142-f78fdd03c35f/go.mod h1:lLcHI8Xte5SvLlHEqMXqh+n81a99rsMCAp7ItUml4yw=
golang.org/x/sys v0.0.0-20191128015809-6d18c012aee9 h1:ZBzSG/7F4eNKz2L3GE9o300RX0Az1Bw5HF7PDraD+qU=
golang.org/x/sys v0.0.0-20191128015809-6d18c012aee9/go.mod h1:h1NjWce9XRLGQEsW7wpKNCjG9DtNlClVuFLEZdDNbEs=
